
Microsoft Visual Studio Solution File, Format Version 12.00
# Visual Studio Version 17
VisualStudioVersion = 17.8.34330.188
MinimumVisualStudioVersion = 10.0.40219.1
Project("{9A19103F-16F7-4668-BE54-9A1E7A4F7556}") = "SmartProperty.Sandbox", "SmartProperty.Sandbox\SmartProperty.Sandbox.csproj", "{C6A80AC8-C03F-4E6D-B889-E9C42DCCDCC1}"
EndProject
Project("{FAE04EC0-301F-11D3-BF4B-00C04F79EFBC}") = "SmartProperty", "SmartProperty\SmartProperty.csproj", "{A62AC94D-854B-4411-8351-B8EB7578659F}"
EndProject
Global
	GlobalSection(SolutionConfigurationPlatforms) = preSolution
		Debug|Any CPU = Debug|Any CPU
		Release|Any CPU = Release|Any CPU
	EndGlobalSection
	GlobalSection(ProjectConfigurationPlatforms) = postSolution
		{C6A80AC8-C03F-4E6D-B889-E9C42DCCDCC1}.Debug|Any CPU.ActiveCfg = Debug|Any CPU
		{C6A80AC8-C03F-4E6D-B889-E9C42DCCDCC1}.Debug|Any CPU.Build.0 = Debug|Any CPU
		{C6A80AC8-C03F-4E6D-B889-E9C42DCCDCC1}.Release|Any CPU.ActiveCfg = Release|Any CPU
		{C6A80AC8-C03F-4E6D-B889-E9C42DCCDCC1}.Release|Any CPU.Build.0 = Release|Any CPU
		{A62AC94D-854B-4411-8351-B8EB7578659F}.Debug|Any CPU.ActiveCfg = Debug|Any CPU
		{A62AC94D-854B-4411-8351-B8EB7578659F}.Debug|Any CPU.Build.0 = Debug|Any CPU
		{A62AC94D-854B-4411-8351-B8EB7578659F}.Release|Any CPU.ActiveCfg = Release|Any CPU
		{A62AC94D-854B-4411-8351-B8EB7578659F}.Release|Any CPU.Build.0 = Release|Any CPU
	EndGlobalSection
	GlobalSection(SolutionProperties) = preSolution
		HideSolutionNode = FALSE
	EndGlobalSection
	GlobalSection(ExtensibilityGlobals) = postSolution
		SolutionGuid = {278A9D23-464A-4410-BD53-D6C9DA9649AD}
	EndGlobalSection
EndGlobal
